
Microsoft Visual Studio Solution File, Format Version 12.00
# Visual Studio 15
VisualStudioVersion = 15.0.28010.2046
MinimumVisualStudioVersion = 10.0.40219.1
Project("{FAE04EC0-301F-11D3-BF4B-00C04F79EFBC}") = "SiG", "SiG\SiG.csproj", "{B9EAA985-6116-43A4-BFE8-4B54713A737C}"
EndProject
Global
	GlobalSection(SolutionConfigurationPlatforms) = preSolution
		Debug|Any CPU = Debug|Any CPU
		Release|Any CPU = Release|Any CPU
	EndGlobalSection
	GlobalSection(ProjectConfigurationPlatforms) = postSolution
		{B9EAA985-6116-43A4-BFE8-4B54713A737C}.Debug|Any CPU.ActiveCfg = Debug|Any CPU
		{B9EAA985-6116-43A4-BFE8-4B54713A737C}.Debug|Any CPU.Build.0 = Debug|Any CPU
		{B9EAA985-6116-43A4-BFE8-4B54713A737C}.Release|Any CPU.ActiveCfg = Release|Any CPU
		{B9EAA985-6116-43A4-BFE8-4B54713A737C}.Release|Any CPU.Build.0 = Release|Any CPU
	EndGlobalSection
	GlobalSection(SolutionProperties) = preSolution
		HideSolutionNode = FALSE
	EndGlobalSection
	GlobalSection(ExtensibilityGlobals) = postSolution
		SolutionGuid = {61CEC930-BAF3-4F30-A5CD-AD84511C5BE0}
	EndGlobalSection
EndGlobal
